{
  "name": "v2",
  "version": "2.0.0",
  "lockfileVersion": 2,
  "requires": true,
  "packages": {
    "": {
      "hasInstallScript": true,
      "dependencies": {
        "@fortawesome/fontawesome-free": "^5.14.0",
        "lodash": "^4.17.20",
        "replay": "file:../../replay/v2",
        "uuid": "^8.3.0"
      },
      "devDependencies": {
        "modulizer": "file:../../modulizer",
        "typescript": "^4.0.2"
      }
    },
    "../../modulizer": {
      "version": "1.0.0",
      "dev": true,
      "license": "ISC",
      "bin": {
        "modulize": "index.js"
      },
      "devDependencies": {
        "@babel/core": "^7.11.6",
        "@babel/generator": "^7.11.6",
        "@babel/parser": "^7.11.5",
        "@babel/plugin-proposal-class-properties": "^7.10.4",
        "@babel/plugin-transform-modules-commonjs": "^7.10.4",
        "@babel/plugin-transform-typescript": "^7.11.0",
        "@babel/traverse": "^7.11.5",
        "babel-plugin-transform-commonjs": "^1.1.6",
        "lodash": "^4.17.20",
        "mime-types": "^2.1.27",
        "postcss": "^8.1.1",
        "puppeteer": "latest",
        "ws": "^7.3.1"
      }
    },
    "../../replay/v2": {
      "devDependencies": {
        "@babel/generator": "^7.17.7",
        "@babel/parser": "^7.17.7",
        "@babel/traverse": "^7.17.3",
        "@babel/types": "^7.17.0"
      }
    },
    "../modulizer": {
      "version": "1.0.0",
      "extraneous": true,
      "license": "ISC",
      "bin": {
        "modulize": "index.js"
      },
      "devDependencies": {
        "@babel/core": "^7.11.6",
        "@babel/generator": "^7.11.6",
        "@babel/parser": "^7.11.5",
        "@babel/plugin-proposal-class-properties": "^7.10.4",
        "@babel/plugin-transform-modules-commonjs": "^7.10.4",
        "@babel/plugin-transform-typescript": "^7.11.0",
        "@babel/traverse": "^7.11.5",
        "babel-plugin-transform-commonjs": "^1.1.6",
        "lodash": "^4.17.20",
        "mime-types": "^2.1.27",
        "postcss": "^8.1.1",
        "puppeteer": "latest",
        "ws": "^7.3.1"
      }
    },
    "../replay-v2": {
      "extraneous": true,
      "devDependencies": {
        "@babel/generator": "^7.17.7",
        "@babel/parser": "^7.17.7",
        "@babel/traverse": "^7.17.3",
        "@babel/types": "^7.17.0"
      }
    },
    "node_modules/@fortawesome/fontawesome-free": {
      "version": "5.15.4",
      "resolved": "https://registry.npmmirror.com/@fortawesome/fontawesome-free/-/fontawesome-free-5.15.4.tgz",
      "integrity": "sha512-eYm8vijH/hpzr/6/1CJ/V/Eb1xQFW2nnUKArb3z+yUWv7HTwj6M7SP957oMjfZjAHU6qpoNc2wQvIxBLWYa/Jg==",
      "hasInstallScript": true,
      "engines": {
        "node": ">=6"
      }
    },
    "node_modules/lodash": {
      "version": "4.17.21",
      "resolved": "https://registry.npmmirror.com/lodash/-/lodash-4.17.21.tgz",
      "integrity": "sha512-v2kDEe57lecTulaDIuNTPy3Ry4gLGJ6Z1O3vE1krgXZNrsQ+LFTGHVxVjcXPs17LhbZVGedAJv8XZ1tvj5FvSg=="
    },
    "node_modules/modulizer": {
      "resolved": "../../modulizer",
      "link": true
    },
    "node_modules/replay": {
      "resolved": "../../replay/v2",
      "link": true
    },
    "node_modules/typescript": {
      "version": "4.6.2",
      "resolved": "https://registry.npmmirror.com/typescript/-/typescript-4.6.2.tgz",
      "integrity": "sha512-HM/hFigTBHZhLXshn9sN37H085+hQGeJHJ/X7LpBWLID/fbc2acUMfU+lGD98X81sKP+pFa9f0DZmCwB9GnbAg==",
      "dev": true,
      "bin": {
        "tsc": "bin/tsc",
        "tsserver": "bin/tsserver"
      },
      "engines": {
        "node": ">=4.2.0"
      }
    },
    "node_modules/uuid": {
      "version": "8.3.2",
      "resolved": "https://registry.npmmirror.com/uuid/-/uuid-8.3.2.tgz",
      "integrity": "sha512-+NYs2QeMWy+GWFOEm9xnn6HCDp0l7QBD7ml8zLUmJ+93Q5NF0NocErnwkTkXVFNiX3/fpC6afS8Dhb/gz7R7eg==",
      "bin": {
        "uuid": "dist/bin/uuid"
      }
    }
  },
  "dependencies": {
    "@fortawesome/fontawesome-free": {
      "version": "5.15.4",
      "resolved": "https://registry.npmmirror.com/@fortawesome/fontawesome-free/-/fontawesome-free-5.15.4.tgz",
      "integrity": "sha512-eYm8vijH/hpzr/6/1CJ/V/Eb1xQFW2nnUKArb3z+yUWv7HTwj6M7SP957oMjfZjAHU6qpoNc2wQvIxBLWYa/Jg=="
    },
    "lodash": {
      "version": "4.17.21",
      "resolved": "https://registry.npmmirror.com/lodash/-/lodash-4.17.21.tgz",
      "integrity": "sha512-v2kDEe57lecTulaDIuNTPy3Ry4gLGJ6Z1O3vE1krgXZNrsQ+LFTGHVxVjcXPs17LhbZVGedAJv8XZ1tvj5FvSg=="
    },
    "modulizer": {
      "version": "file:../../modulizer",
      "requires": {
        "@babel/core": "^7.11.6",
        "@babel/generator": "^7.11.6",
        "@babel/parser": "^7.11.5",
        "@babel/plugin-proposal-class-properties": "^7.10.4",
        "@babel/plugin-transform-modules-commonjs": "^7.10.4",
        "@babel/plugin-transform-typescript": "^7.11.0",
        "@babel/traverse": "^7.11.5",
        "babel-plugin-transform-commonjs": "^1.1.6",
        "lodash": "^4.17.20",
        "mime-types": "^2.1.27",
        "postcss": "^8.1.1",
        "puppeteer": "latest",
        "ws": "^7.3.1"
      }
    },
    "replay": {
      "version": "file:../../replay/v2",
      "requires": {
        "@babel/generator": "^7.17.7",
        "@babel/parser": "^7.17.7",
        "@babel/traverse": "^7.17.3",
        "@babel/types": "^7.17.0"
      }
    },
    "typescript": {
      "version": "4.6.2",
      "resolved": "https://registry.npmmirror.com/typescript/-/typescript-4.6.2.tgz",
      "integrity": "sha512-HM/hFigTBHZhLXshn9sN37H085+hQGeJHJ/X7LpBWLID/fbc2acUMfU+lGD98X81sKP+pFa9f0DZmCwB9GnbAg==",
      "dev": true
    },
    "uuid": {
      "version": "8.3.2",
      "resolved": "https://registry.npmmirror.com/uuid/-/uuid-8.3.2.tgz",
      "integrity": "sha512-+NYs2QeMWy+GWFOEm9xnn6HCDp0l7QBD7ml8zLUmJ+93Q5NF0NocErnwkTkXVFNiX3/fpC6afS8Dhb/gz7R7eg=="
    }
  }
}
