{
  "name": "dom",
  "lockfileVersion": 2,
  "requires": true,
  "packages": {
    "": {
      "hasInstallScript": true,
      "dependencies": {
        "@replay/common": "file:../common",
        "heap": "^0.2.6"
      }
    },
    "../common": {
      "dependencies": {
        "html-tags": "^3.1.0",
        "uid": "^1.0.0"
      }
    },
    "node_modules/@replay/common": {
      "resolved": "../common",
      "link": true
    },
    "node_modules/heap": {
      "version": "0.2.7",
      "resolved": "https://registry.npmmirror.com/heap/-/heap-0.2.7.tgz",
      "integrity": "sha512-2bsegYkkHO+h/9MGbn6KWcE45cHZgPANo5LXF7EvWdT0yT2EguSVO1nDgU5c8+ZOPwp2vMNa7YFsJhVcDR9Sdg=="
    }
  },
  "dependencies": {
    "@replay/common": {
      "version": "file:../common",
      "requires": {
        "html-tags": "^3.1.0",
        "uid": "^1.0.0"
      }
    },
    "heap": {
      "version": "0.2.7",
      "resolved": "https://registry.npmmirror.com/heap/-/heap-0.2.7.tgz",
      "integrity": "sha512-2bsegYkkHO+h/9MGbn6KWcE45cHZgPANo5LXF7EvWdT0yT2EguSVO1nDgU5c8+ZOPwp2vMNa7YFsJhVcDR9Sdg=="
    }
  }
}
