{
  "name": "common",
  "lockfileVersion": 2,
  "requires": true,
  "packages": {
    "": {
      "dependencies": {
        "html-tags": "^3.1.0",
        "uid": "^1.0.0"
      }
    },
    "node_modules/html-tags": {
      "version": "3.1.0",
      "resolved": "https://registry.npmmirror.com/html-tags/-/html-tags-3.1.0.tgz",
      "integrity": "sha512-1qYz89hW3lFDEazhjW0yVAV87lw8lVkrJocr72XmBkMKsoSVJCQx3W8BXsC7hO2qAt8BoVjYjtAcZ9perqGnNg==",
      "engines": {
        "node": ">=8"
      }
    },
    "node_modules/uid": {
      "version": "1.0.0",
      "resolved": "https://registry.npmmirror.com/uid/-/uid-1.0.0.tgz",
      "integrity": "sha512-DYp36HDIRECMW0xmeyGSDSheURMbL7gy4DqINDUW5OSw7cot0pNRNvEtEji9nk1XVDZN/0lJ7myxacoTeU9oow==",
      "engines": {
        "node": ">=8"
      }
    }
  },
  "dependencies": {
    "html-tags": {
      "version": "3.1.0",
      "resolved": "https://registry.npmmirror.com/html-tags/-/html-tags-3.1.0.tgz",
      "integrity": "sha512-1qYz89hW3lFDEazhjW0yVAV87lw8lVkrJocr72XmBkMKsoSVJCQx3W8BXsC7hO2qAt8BoVjYjtAcZ9perqGnNg=="
    },
    "uid": {
      "version": "1.0.0",
      "resolved": "https://registry.npmmirror.com/uid/-/uid-1.0.0.tgz",
      "integrity": "sha512-DYp36HDIRECMW0xmeyGSDSheURMbL7gy4DqINDUW5OSw7cot0pNRNvEtEji9nk1XVDZN/0lJ7myxacoTeU9oow=="
    }
  }
}
