{
  "name": "server",
  "lockfileVersion": 2,
  "requires": true,
  "packages": {
    "": {
      "hasInstallScript": true,
      "dependencies": {
        "@replay/common": "file:../common"
      }
    },
    "../common": {
      "dependencies": {
        "html-tags": "^3.1.0",
        "uid": "^1.0.0"
      }
    },
    "node_modules/@replay/common": {
      "resolved": "../common",
      "link": true
    }
  },
  "dependencies": {
    "@replay/common": {
      "version": "file:../common",
      "requires": {
        "html-tags": "^3.1.0",
        "uid": "^1.0.0"
      }
    }
  }
}
